
Microsoft Visual Studio Solution File, Format Version 12.00
# Visual Studio Version 17
VisualStudioVersion = 17.4.33122.133
MinimumVisualStudioVersion = 10.0.40219.1
Project("{FAE04EC0-301F-11D3-BF4B-00C04F79EFBC}") = "GRPCExample", "GRPCExample.csproj", "{580C82F3-2508-49AB-B1FE-2DF2B9073178}"
EndProject
Global
	GlobalSection(SolutionConfigurationPlatforms) = preSolution
		Debug|Any CPU = Debug|Any CPU
		Release|Any CPU = Release|Any CPU
	EndGlobalSection
	GlobalSection(ProjectConfigurationPlatforms) = postSolution
		{580C82F3-2508-49AB-B1FE-2DF2B9073178}.Debug|Any CPU.ActiveCfg = Debug|Any CPU
		{580C82F3-2508-49AB-B1FE-2DF2B9073178}.Debug|Any CPU.Build.0 = Debug|Any CPU
		{580C82F3-2508-49AB-B1FE-2DF2B9073178}.Release|Any CPU.ActiveCfg = Release|Any CPU
		{580C82F3-2508-49AB-B1FE-2DF2B9073178}.Release|Any CPU.Build.0 = Release|Any CPU
	EndGlobalSection
	GlobalSection(SolutionProperties) = preSolution
		HideSolutionNode = FALSE
	EndGlobalSection
	GlobalSection(ExtensibilityGlobals) = postSolution
		SolutionGuid = {8815973B-8854-43D9-80FF-453BDCD7E369}
	EndGlobalSection
EndGlobal
