
Microsoft Visual Studio Solution File, Format Version 12.00
# Visual Studio Version 17
VisualStudioVersion = 17.5.33414.496
MinimumVisualStudioVersion = 10.0.40219.1
Project("{FAE04EC0-301F-11D3-BF4B-00C04F79EFBC}") = "GRPCClient", "GRPCClient.csproj", "{F6E59EFB-2652-43D8-A0BF-09530D632F82}"
EndProject
Global
	GlobalSection(SolutionConfigurationPlatforms) = preSolution
		Debug|Any CPU = Debug|Any CPU
		Release|Any CPU = Release|Any CPU
	EndGlobalSection
	GlobalSection(ProjectConfigurationPlatforms) = postSolution
		{F6E59EFB-2652-43D8-A0BF-09530D632F82}.Debug|Any CPU.ActiveCfg = Debug|Any CPU
		{F6E59EFB-2652-43D8-A0BF-09530D632F82}.Debug|Any CPU.Build.0 = Debug|Any CPU
		{F6E59EFB-2652-43D8-A0BF-09530D632F82}.Release|Any CPU.ActiveCfg = Release|Any CPU
		{F6E59EFB-2652-43D8-A0BF-09530D632F82}.Release|Any CPU.Build.0 = Release|Any CPU
	EndGlobalSection
	GlobalSection(SolutionProperties) = preSolution
		HideSolutionNode = FALSE
	EndGlobalSection
	GlobalSection(ExtensibilityGlobals) = postSolution
		SolutionGuid = {FD93BCDA-AD35-4EC4-9481-150B16044BC6}
	EndGlobalSection
EndGlobal
